
Microsoft Visual Studio Solution File, Format Version 12.00
# Visual Studio 15
VisualStudioVersion = 15.0.28307.168
MinimumVisualStudioVersion = 10.0.40219.1
Project("{9A19103F-16F7-4668-BE54-9A1E7A4F7556}") = "CarDelegate", "CarDelegate\CarDelegate.csproj", "{A3CBCFCE-5F2D-4BCD-B13D-F563F5D5F791}"
EndProject
Project("{FAE04EC0-301F-11D3-BF4B-00C04F79EFBC}") = "CarEvents", "CarEvents\CarEvents.csproj", "{2BF78AC4-3F36-4323-854C-169BCC6EB934}"
EndProject
Global
	GlobalSection(SolutionConfigurationPlatforms) = preSolution
		Debug|Any CPU = Debug|Any CPU
		Release|Any CPU = Release|Any CPU
	EndGlobalSection
	GlobalSection(ProjectConfigurationPlatforms) = postSolution
		{A3CBCFCE-5F2D-4BCD-B13D-F563F5D5F791}.Debug|Any CPU.ActiveCfg = Debug|Any CPU
		{A3CBCFCE-5F2D-4BCD-B13D-F563F5D5F791}.Debug|Any CPU.Build.0 = Debug|Any CPU
		{A3CBCFCE-5F2D-4BCD-B13D-F563F5D5F791}.Release|Any CPU.ActiveCfg = Release|Any CPU
		{A3CBCFCE-5F2D-4BCD-B13D-F563F5D5F791}.Release|Any CPU.Build.0 = Release|Any CPU
		{2BF78AC4-3F36-4323-854C-169BCC6EB934}.Debug|Any CPU.ActiveCfg = Debug|Any CPU
		{2BF78AC4-3F36-4323-854C-169BCC6EB934}.Debug|Any CPU.Build.0 = Debug|Any CPU
		{2BF78AC4-3F36-4323-854C-169BCC6EB934}.Release|Any CPU.ActiveCfg = Release|Any CPU
		{2BF78AC4-3F36-4323-854C-169BCC6EB934}.Release|Any CPU.Build.0 = Release|Any CPU
	EndGlobalSection
	GlobalSection(SolutionProperties) = preSolution
		HideSolutionNode = FALSE
	EndGlobalSection
	GlobalSection(ExtensibilityGlobals) = postSolution
		SolutionGuid = {27CAFB62-5F34-44FB-98C7-176E25A26DC0}
	EndGlobalSection
EndGlobal
